
Microsoft Visual Studio Solution File, Format Version 12.00
# Visual Studio Version 17
VisualStudioVersion = 17.14.36811.4
MinimumVisualStudioVersion = 10.0.40219.1
Project("{FAE04EC0-301F-11D3-BF4B-00C04F79EFBC}") = "LibraryManagementSystem", "LibraryManagementSystem.csproj", "{E4E7692D-7697-29B1-0BCC-078270F13D10}"
EndProject
Project("{FAE04EC0-301F-11D3-BF4B-00C04F79EFBC}") = "LibraryManagementSystem.Tests", "..\LibraryManagementSystem.Tests\LibraryManagementSystem.Tests.csproj", "{174513F8-5600-4809-9EF9-55F0D1C83AF6}"
EndProject
Global
	GlobalSection(SolutionConfigurationPlatforms) = preSolution
		Debug|Any CPU = Debug|Any CPU
		Debug|x64 = Debug|x64
		Debug|x86 = Debug|x86
		Release|Any CPU = Release|Any CPU
		Release|x64 = Release|x64
		Release|x86 = Release|x86
	EndGlobalSection
	GlobalSection(ProjectConfigurationPlatforms) = postSolution
		{E4E7692D-7697-29B1-0BCC-078270F13D10}.Debug|Any CPU.ActiveCfg = Debug|Any CPU
		{E4E7692D-7697-29B1-0BCC-078270F13D10}.Debug|Any CPU.Build.0 = Debug|Any CPU
		{E4E7692D-7697-29B1-0BCC-078270F13D10}.Debug|x64.ActiveCfg = Debug|Any CPU
		{E4E7692D-7697-29B1-0BCC-078270F13D10}.Debug|x64.Build.0 = Debug|Any CPU
		{E4E7692D-7697-29B1-0BCC-078270F13D10}.Debug|x86.ActiveCfg = Debug|Any CPU
		{E4E7692D-7697-29B1-0BCC-078270F13D10}.Debug|x86.Build.0 = Debug|Any CPU
		{E4E7692D-7697-29B1-0BCC-078270F13D10}.Release|Any CPU.ActiveCfg = Release|Any CPU
		{E4E7692D-7697-29B1-0BCC-078270F13D10}.Release|Any CPU.Build.0 = Release|Any CPU
		{E4E7692D-7697-29B1-0BCC-078270F13D10}.Release|x64.ActiveCfg = Release|Any CPU
		{E4E7692D-7697-29B1-0BCC-078270F13D10}.Release|x64.Build.0 = Release|Any CPU
		{E4E7692D-7697-29B1-0BCC-078270F13D10}.Release|x86.ActiveCfg = Release|Any CPU
		{E4E7692D-7697-29B1-0BCC-078270F13D10}.Release|x86.Build.0 = Release|Any CPU
		{174513F8-5600-4809-9EF9-55F0D1C83AF6}.Debug|Any CPU.ActiveCfg = Debug|Any CPU
		{174513F8-5600-4809-9EF9-55F0D1C83AF6}.Debug|Any CPU.Build.0 = Debug|Any CPU
		{174513F8-5600-4809-9EF9-55F0D1C83AF6}.Debug|x64.ActiveCfg = Debug|Any CPU
		{174513F8-5600-4809-9EF9-55F0D1C83AF6}.Debug|x64.Build.0 = Debug|Any CPU
		{174513F8-5600-4809-9EF9-55F0D1C83AF6}.Debug|x86.ActiveCfg = Debug|Any CPU
		{174513F8-5600-4809-9EF9-55F0D1C83AF6}.Debug|x86.Build.0 = Debug|Any CPU
		{174513F8-5600-4809-9EF9-55F0D1C83AF6}.Release|Any CPU.ActiveCfg = Release|Any CPU
		{174513F8-5600-4809-9EF9-55F0D1C83AF6}.Release|Any CPU.Build.0 = Release|Any CPU
		{174513F8-5600-4809-9EF9-55F0D1C83AF6}.Release|x64.ActiveCfg = Release|Any CPU
		{174513F8-5600-4809-9EF9-55F0D1C83AF6}.Release|x64.Build.0 = Release|Any CPU
		{174513F8-5600-4809-9EF9-55F0D1C83AF6}.Release|x86.ActiveCfg = Release|Any CPU
		{174513F8-5600-4809-9EF9-55F0D1C83AF6}.Release|x86.Build.0 = Release|Any CPU
	EndGlobalSection
	GlobalSection(SolutionProperties) = preSolution
		HideSolutionNode = FALSE
	EndGlobalSection
	GlobalSection(ExtensibilityGlobals) = postSolution
		SolutionGuid = {D2C89320-DCBF-462C-857E-BD13B3F9FBB6}
	EndGlobalSection
EndGlobal
